
Microsoft Visual Studio Solution File, Format Version 12.00
# Visual Studio Version 16
VisualStudioVersion = 16.0.31911.196
MinimumVisualStudioVersion = 10.0.40219.1
Project("{FAE04EC0-301F-11D3-BF4B-00C04F79EFBC}") = "Das_MMS", "Das_MMS\Das_MMS.csproj", "{C731565B-3D2D-481D-B050-F887E3760942}"
EndProject
Global
	GlobalSection(SolutionConfigurationPlatforms) = preSolution
		Debug|Any CPU = Debug|Any CPU
		Release|Any CPU = Release|Any CPU
	EndGlobalSection
	GlobalSection(ProjectConfigurationPlatforms) = postSolution
		{C731565B-3D2D-481D-B050-F887E3760942}.Debug|Any CPU.ActiveCfg = Debug|Any CPU
		{C731565B-3D2D-481D-B050-F887E3760942}.Debug|Any CPU.Build.0 = Debug|Any CPU
		{C731565B-3D2D-481D-B050-F887E3760942}.Release|Any CPU.ActiveCfg = Release|Any CPU
		{C731565B-3D2D-481D-B050-F887E3760942}.Release|Any CPU.Build.0 = Release|Any CPU
	EndGlobalSection
	GlobalSection(SolutionProperties) = preSolution
		HideSolutionNode = FALSE
	EndGlobalSection
	GlobalSection(ExtensibilityGlobals) = postSolution
		SolutionGuid = {44ADA644-BC0A-497F-A689-B722061C55FA}
	EndGlobalSection
EndGlobal
